
Microsoft Visual Studio Solution File, Format Version 12.00
# Visual Studio Version 17
VisualStudioVersion = 17.4.33213.308
MinimumVisualStudioVersion = 10.0.40219.1
Project("{FAE04EC0-301F-11D3-BF4B-00C04F79EFBC}") = "hazi_feladat1", "hazi_feladat1\hazi_feladat1.csproj", "{DFEBBD10-CF54-43CF-902A-F0796BF19F19}"
EndProject
Project("{FAE04EC0-301F-11D3-BF4B-00C04F79EFBC}") = "hazi_feladat2", "hazi_feladat2\hazi_feladat2.csproj", "{499DF858-76E9-4DC8-AACD-C0B8E22177FE}"
EndProject
Project("{FAE04EC0-301F-11D3-BF4B-00C04F79EFBC}") = "hazi_feladat3", "hazi_feladat3\hazi_feladat3.csproj", "{6F5A3A37-715C-473D-8538-8768EF50E3E4}"
EndProject
Project("{FAE04EC0-301F-11D3-BF4B-00C04F79EFBC}") = "hazi_feladat4", "hazi_feladat4\hazi_feladat4.csproj", "{B58D818E-0458-4FDC-844A-02B28F9A5301}"
EndProject
Project("{FAE04EC0-301F-11D3-BF4B-00C04F79EFBC}") = "hazi_feladat5", "hazi_feladat5\hazi_feladat5.csproj", "{C24CE4FC-6C5C-4C67-8A19-3B611360FF96}"
EndProject
Project("{FAE04EC0-301F-11D3-BF4B-00C04F79EFBC}") = "hazi_feladat6", "hazi_feladat6\hazi_feladat6.csproj", "{3EF3E323-E04A-4BDD-AD9A-108E1695DB8B}"
EndProject
Project("{FAE04EC0-301F-11D3-BF4B-00C04F79EFBC}") = "hazi_feladat7", "hazi_feladat7\hazi_feladat7.csproj", "{349D4CB2-8E41-4481-860B-1C5BF892E1B0}"
EndProject
Project("{FAE04EC0-301F-11D3-BF4B-00C04F79EFBC}") = "hazi_feladat8", "hazi_feladat8\hazi_feladat8.csproj", "{22529C8A-81E1-4B42-B127-DED2BFB72611}"
EndProject
Project("{FAE04EC0-301F-11D3-BF4B-00C04F79EFBC}") = "hazi_feladat16", "hazi_feladat16\hazi_feladat16.csproj", "{FC1503ED-765E-49C7-A950-46E07DD235AD}"
EndProject
Project("{FAE04EC0-301F-11D3-BF4B-00C04F79EFBC}") = "hazi_feladat10", "hazi_feladat10\hazi_feladat10.csproj", "{7F991BDF-948B-4BFB-BFEC-D74CC5A36DF2}"
EndProject
Project("{FAE04EC0-301F-11D3-BF4B-00C04F79EFBC}") = "hazi_feladat17", "hazi_feladat17\hazi_feladat17.csproj", "{D1ED54F2-046A-47B1-A833-85A54D9A8C29}"
EndProject
Project("{FAE04EC0-301F-11D3-BF4B-00C04F79EFBC}") = "hazi_feladat12", "hazi_feladat12\hazi_feladat12.csproj", "{A95304EC-5934-40D2-BC87-314DC61828F5}"
EndProject
Global
	GlobalSection(SolutionConfigurationPlatforms) = preSolution
		Debug|Any CPU = Debug|Any CPU
		Release|Any CPU = Release|Any CPU
	EndGlobalSection
	GlobalSection(ProjectConfigurationPlatforms) = postSolution
		{DFEBBD10-CF54-43CF-902A-F0796BF19F19}.Debug|Any CPU.ActiveCfg = Debug|Any CPU
		{DFEBBD10-CF54-43CF-902A-F0796BF19F19}.Debug|Any CPU.Build.0 = Debug|Any CPU
		{DFEBBD10-CF54-43CF-902A-F0796BF19F19}.Release|Any CPU.ActiveCfg = Release|Any CPU
		{DFEBBD10-CF54-43CF-902A-F0796BF19F19}.Release|Any CPU.Build.0 = Release|Any CPU
		{499DF858-76E9-4DC8-AACD-C0B8E22177FE}.Debug|Any CPU.ActiveCfg = Debug|Any CPU
		{499DF858-76E9-4DC8-AACD-C0B8E22177FE}.Debug|Any CPU.Build.0 = Debug|Any CPU
		{499DF858-76E9-4DC8-AACD-C0B8E22177FE}.Release|Any CPU.ActiveCfg = Release|Any CPU
		{499DF858-76E9-4DC8-AACD-C0B8E22177FE}.Release|Any CPU.Build.0 = Release|Any CPU
		{6F5A3A37-715C-473D-8538-8768EF50E3E4}.Debug|Any CPU.ActiveCfg = Debug|Any CPU
		{6F5A3A37-715C-473D-8538-8768EF50E3E4}.Debug|Any CPU.Build.0 = Debug|Any CPU
		{6F5A3A37-715C-473D-8538-8768EF50E3E4}.Release|Any CPU.ActiveCfg = Release|Any CPU
		{6F5A3A37-715C-473D-8538-8768EF50E3E4}.Release|Any CPU.Build.0 = Release|Any CPU
		{B58D818E-0458-4FDC-844A-02B28F9A5301}.Debug|Any CPU.ActiveCfg = Debug|Any CPU
		{B58D818E-0458-4FDC-844A-02B28F9A5301}.Debug|Any CPU.Build.0 = Debug|Any CPU
		{B58D818E-0458-4FDC-844A-02B28F9A5301}.Release|Any CPU.ActiveCfg = Release|Any CPU
		{B58D818E-0458-4FDC-844A-02B28F9A5301}.Release|Any CPU.Build.0 = Release|Any CPU
		{C24CE4FC-6C5C-4C67-8A19-3B611360FF96}.Debug|Any CPU.ActiveCfg = Debug|Any CPU
		{C24CE4FC-6C5C-4C67-8A19-3B611360FF96}.Debug|Any CPU.Build.0 = Debug|Any CPU
		{C24CE4FC-6C5C-4C67-8A19-3B611360FF96}.Release|Any CPU.ActiveCfg = Release|Any CPU
		{C24CE4FC-6C5C-4C67-8A19-3B611360FF96}.Release|Any CPU.Build.0 = Release|Any CPU
		{3EF3E323-E04A-4BDD-AD9A-108E1695DB8B}.Debug|Any CPU.ActiveCfg = Debug|Any CPU
		{3EF3E323-E04A-4BDD-AD9A-108E1695DB8B}.Debug|Any CPU.Build.0 = Debug|Any CPU
		{3EF3E323-E04A-4BDD-AD9A-108E1695DB8B}.Release|Any CPU.ActiveCfg = Release|Any CPU
		{3EF3E323-E04A-4BDD-AD9A-108E1695DB8B}.Release|Any CPU.Build.0 = Release|Any CPU
		{349D4CB2-8E41-4481-860B-1C5BF892E1B0}.Debug|Any CPU.ActiveCfg = Debug|Any CPU
		{349D4CB2-8E41-4481-860B-1C5BF892E1B0}.Debug|Any CPU.Build.0 = Debug|Any CPU
		{349D4CB2-8E41-4481-860B-1C5BF892E1B0}.Release|Any CPU.ActiveCfg = Release|Any CPU
		{349D4CB2-8E41-4481-860B-1C5BF892E1B0}.Release|Any CPU.Build.0 = Release|Any CPU
		{22529C8A-81E1-4B42-B127-DED2BFB72611}.Debug|Any CPU.ActiveCfg = Debug|Any CPU
		{22529C8A-81E1-4B42-B127-DED2BFB72611}.Debug|Any CPU.Build.0 = Debug|Any CPU
		{22529C8A-81E1-4B42-B127-DED2BFB72611}.Release|Any CPU.ActiveCfg = Release|Any CPU
		{22529C8A-81E1-4B42-B127-DED2BFB72611}.Release|Any CPU.Build.0 = Release|Any CPU
		{FC1503ED-765E-49C7-A950-46E07DD235AD}.Debug|Any CPU.ActiveCfg = Debug|Any CPU
		{FC1503ED-765E-49C7-A950-46E07DD235AD}.Debug|Any CPU.Build.0 = Debug|Any CPU
		{FC1503ED-765E-49C7-A950-46E07DD235AD}.Release|Any CPU.ActiveCfg = Release|Any CPU
		{FC1503ED-765E-49C7-A950-46E07DD235AD}.Release|Any CPU.Build.0 = Release|Any CPU
		{7F991BDF-948B-4BFB-BFEC-D74CC5A36DF2}.Debug|Any CPU.ActiveCfg = Debug|Any CPU
		{7F991BDF-948B-4BFB-BFEC-D74CC5A36DF2}.Debug|Any CPU.Build.0 = Debug|Any CPU
		{7F991BDF-948B-4BFB-BFEC-D74CC5A36DF2}.Release|Any CPU.ActiveCfg = Release|Any CPU
		{7F991BDF-948B-4BFB-BFEC-D74CC5A36DF2}.Release|Any CPU.Build.0 = Release|Any CPU
		{D1ED54F2-046A-47B1-A833-85A54D9A8C29}.Debug|Any CPU.ActiveCfg = Debug|Any CPU
		{D1ED54F2-046A-47B1-A833-85A54D9A8C29}.Debug|Any CPU.Build.0 = Debug|Any CPU
		{D1ED54F2-046A-47B1-A833-85A54D9A8C29}.Release|Any CPU.ActiveCfg = Release|Any CPU
		{D1ED54F2-046A-47B1-A833-85A54D9A8C29}.Release|Any CPU.Build.0 = Release|Any CPU
		{A95304EC-5934-40D2-BC87-314DC61828F5}.Debug|Any CPU.ActiveCfg = Debug|Any CPU
		{A95304EC-5934-40D2-BC87-314DC61828F5}.Debug|Any CPU.Build.0 = Debug|Any CPU
		{A95304EC-5934-40D2-BC87-314DC61828F5}.Release|Any CPU.ActiveCfg = Release|Any CPU
		{A95304EC-5934-40D2-BC87-314DC61828F5}.Release|Any CPU.Build.0 = Release|Any CPU
	EndGlobalSection
	GlobalSection(SolutionProperties) = preSolution
		HideSolutionNode = FALSE
	EndGlobalSection
	GlobalSection(ExtensibilityGlobals) = postSolution
		SolutionGuid = {BE19AB01-0B15-4E68-A6DC-EEF791450154}
	EndGlobalSection
EndGlobal
