
Microsoft Visual Studio Solution File, Format Version 12.00
# Visual Studio Version 17
VisualStudioVersion = 17.4.33213.308
MinimumVisualStudioVersion = 10.0.40219.1
Project("{FAE04EC0-301F-11D3-BF4B-00C04F79EFBC}") = "poliform", "poliform\poliform.csproj", "{6E8C83CA-7A47-4C9D-A056-16375F33C55B}"
EndProject
Global
	GlobalSection(SolutionConfigurationPlatforms) = preSolution
		Debug|Any CPU = Debug|Any CPU
		Release|Any CPU = Release|Any CPU
	EndGlobalSection
	GlobalSection(ProjectConfigurationPlatforms) = postSolution
		{6E8C83CA-7A47-4C9D-A056-16375F33C55B}.Debug|Any CPU.ActiveCfg = Debug|Any CPU
		{6E8C83CA-7A47-4C9D-A056-16375F33C55B}.Debug|Any CPU.Build.0 = Debug|Any CPU
		{6E8C83CA-7A47-4C9D-A056-16375F33C55B}.Release|Any CPU.ActiveCfg = Release|Any CPU
		{6E8C83CA-7A47-4C9D-A056-16375F33C55B}.Release|Any CPU.Build.0 = Release|Any CPU
	EndGlobalSection
	GlobalSection(SolutionProperties) = preSolution
		HideSolutionNode = FALSE
	EndGlobalSection
	GlobalSection(ExtensibilityGlobals) = postSolution
		SolutionGuid = {7E670043-A245-4E35-902D-D4A6E99898DB}
	EndGlobalSection
EndGlobal
